# This file is automatically @generated by Cargo.
# It is not intended for manual editing.
version = 3

[[package]]
name = "tsvm-ast"
version = "0.1.0"
dependencies = [
 "tsvm-lexer",
]

[[package]]
name = "tsvm-benchmarks"
version = "0.1.0"
dependencies = [
 "tsvm-interop",
 "tsvm-interpreter",
 "tsvm-script-loader",
 "tsvm-web-bindings",
]

[[package]]
name = "tsvm-bytecode"
version = "0.1.0"
dependencies = [
 "tsvm-ast",
 "tsvm-ir",
 "tsvm-semantic",
]

[[package]]
name = "tsvm-c-api"
version = "0.1.0"
dependencies = [
 "tsvm-interop",
 "tsvm-interpreter",
 "tsvm-script-loader",
]

[[package]]
name = "tsvm-demo"
version = "0.1.0"
dependencies = [
 "tsvm-benchmarks",
 "tsvm-interpreter",
 "tsvm-script-loader",
 "tsvm-web-bindings",
]

[[package]]
name = "tsvm-heap"
version = "0.1.0"

[[package]]
name = "tsvm-interop"
version = "0.1.0"

[[package]]
name = "tsvm-interpreter"
version = "0.1.0"
dependencies = [
 "tsvm-bytecode",
 "tsvm-heap",
 "tsvm-interop",
 "tsvm-modules",
 "tsvm-semantic",
]

[[package]]
name = "tsvm-ir"
version = "0.1.0"
dependencies = [
 "tsvm-ast",
 "tsvm-parser",
 "tsvm-semantic",
]

[[package]]
name = "tsvm-lexer"
version = "0.1.0"

[[package]]
name = "tsvm-modules"
version = "0.1.0"
dependencies = [
 "tsvm-ast",
 "tsvm-parser",
]

[[package]]
name = "tsvm-parser"
version = "0.1.0"
dependencies = [
 "tsvm-ast",
 "tsvm-lexer",
]

[[package]]
name = "tsvm-script-loader"
version = "0.1.0"
dependencies = [
 "tsvm-interop",
 "tsvm-interpreter",
 "tsvm-modules",
]

[[package]]
name = "tsvm-security-hardening"
version = "0.1.0"
dependencies = [
 "tsvm-bytecode",
 "tsvm-interop",
 "tsvm-interpreter",
 "tsvm-modules",
 "tsvm-script-loader",
 "tsvm-web-bindings",
]

[[package]]
name = "tsvm-semantic"
version = "0.1.0"
dependencies = [
 "tsvm-ast",
 "tsvm-parser",
]

[[package]]
name = "tsvm-web-bindings"
version = "0.1.0"
dependencies = [
 "tsvm-interop",
 "tsvm-interpreter",
]
