# This file is automatically @generated by Cargo.
# It is not intended for manual editing.
version = 3

[[package]]
name = "tsvm-ast"
version = "0.1.0"
dependencies = [
 "tsvm-lexer",
]

[[package]]
name = "tsvm-bytecode"
version = "0.1.0"
dependencies = [
 "tsvm-ast",
 "tsvm-ir",
 "tsvm-semantic",
]

[[package]]
name = "tsvm-ir"
version = "0.1.0"
dependencies = [
 "tsvm-ast",
 "tsvm-parser",
 "tsvm-semantic",
]

[[package]]
name = "tsvm-lexer"
version = "0.1.0"

[[package]]
name = "tsvm-parser"
version = "0.1.0"
dependencies = [
 "tsvm-ast",
 "tsvm-lexer",
]

[[package]]
name = "tsvm-semantic"
version = "0.1.0"
dependencies = [
 "tsvm-ast",
 "tsvm-parser",
]
